
Microsoft Visual Studio Solution File, Format Version 12.00
# Visual Studio Version 16
VisualStudioVersion = 16.0.31702.278
MinimumVisualStudioVersion = 10.0.40219.1
Project("{FAE04EC0-301F-11D3-BF4B-00C04F79EFBC}") = "EmployeeDemo", "EmployeeDemo.csproj", "{4F90322F-5214-48DB-8560-82E9A5B762D9}"
EndProject
Global
	GlobalSection(SolutionConfigurationPlatforms) = preSolution
		Debug|Any CPU = Debug|Any CPU
		Release|Any CPU = Release|Any CPU
	EndGlobalSection
	GlobalSection(ProjectConfigurationPlatforms) = postSolution
		{4F90322F-5214-48DB-8560-82E9A5B762D9}.Debug|Any CPU.ActiveCfg = Debug|Any CPU
		{4F90322F-5214-48DB-8560-82E9A5B762D9}.Debug|Any CPU.Build.0 = Debug|Any CPU
		{4F90322F-5214-48DB-8560-82E9A5B762D9}.Release|Any CPU.ActiveCfg = Release|Any CPU
		{4F90322F-5214-48DB-8560-82E9A5B762D9}.Release|Any CPU.Build.0 = Release|Any CPU
	EndGlobalSection
	GlobalSection(SolutionProperties) = preSolution
		HideSolutionNode = FALSE
	EndGlobalSection
	GlobalSection(ExtensibilityGlobals) = postSolution
		SolutionGuid = {3A13C466-583A-49C0-B47B-DDEF9D1EE781}
	EndGlobalSection
EndGlobal
